Microsoft Visual Studio Solution File, Format Version 12.00
# Visual Studio Version 17
VisualStudioVersion = 17.5.2.0
MinimumVisualStudioVersion = 10.0.40219.1
Project("{FAE04EC0-301F-11D3-BF4B-00C04F79EFBC}") = "Crontab", "src\Crontab.csproj", "{E4C6C0A3-BA47-ECCE-8FE7-0D8359F75686}"
EndProject
Project("{FAE04EC0-301F-11D3-BF4B-00C04F79EFBC}") = "Crontab.Tests", "tests\Crontab.Tests.csproj", "{0CA0D421-6CF1-CBBB-F018-B95D069D7A5B}"
EndProject
Global
	GlobalSection(SolutionConfigurationPlatforms) = preSolution
		Debug|Any CPU = Debug|Any CPU
		Release|Any CPU = Release|Any CPU
	EndGlobalSection
	GlobalSection(ProjectConfigurationPlatforms) = postSolution
		{E4C6C0A3-BA47-ECCE-8FE7-0D8359F75686}.Debug|Any CPU.ActiveCfg = Debug|Any CPU
		{E4C6C0A3-BA47-ECCE-8FE7-0D8359F75686}.Debug|Any CPU.Build.0 = Debug|Any CPU
		{E4C6C0A3-BA47-ECCE-8FE7-0D8359F75686}.Release|Any CPU.ActiveCfg = Release|Any CPU
		{E4C6C0A3-BA47-ECCE-8FE7-0D8359F75686}.Release|Any CPU.Build.0 = Release|Any CPU
		{0CA0D421-6CF1-CBBB-F018-B95D069D7A5B}.Debug|Any CPU.ActiveCfg = Debug|Any CPU
		{0CA0D421-6CF1-CBBB-F018-B95D069D7A5B}.Debug|Any CPU.Build.0 = Debug|Any CPU
		{0CA0D421-6CF1-CBBB-F018-B95D069D7A5B}.Release|Any CPU.ActiveCfg = Release|Any CPU
		{0CA0D421-6CF1-CBBB-F018-B95D069D7A5B}.Release|Any CPU.Build.0 = Release|Any CPU
	EndGlobalSection
	GlobalSection(SolutionProperties) = preSolution
		HideSolutionNode = FALSE
	EndGlobalSection
	GlobalSection(ExtensibilityGlobals) = postSolution
		SolutionGuid = {C813C055-2093-40DE-BD24-B754931636F3}
	EndGlobalSection
EndGlobal
