Microsoft Visual Studio Solution File, Format Version 12.00
# Visual Studio Version 17
VisualStudioVersion = 17.5.2.0
MinimumVisualStudioVersion = 10.0.40219.1
Project("{FAE04EC0-301F-11D3-BF4B-00C04F79EFBC}") = "crontab", "crontab.csproj", "{D69D4FFC-FB29-A1CA-331C-D4E118A47C47}"
EndProject
Project("{FAE04EC0-301F-11D3-BF4B-00C04F79EFBC}") = "crontab.Tests", "tests\crontab.Tests.csproj", "{8E9B5FFA-2B3C-4D1E-9A7C-1E5F28A6B4D9}"
EndProject
Global
	GlobalSection(SolutionConfigurationPlatforms) = preSolution
		Debug|Any CPU = Debug|Any CPU
		Release|Any CPU = Release|Any CPU
	EndGlobalSection
	GlobalSection(ProjectConfigurationPlatforms) = postSolution
		{D69D4FFC-FB29-A1CA-331C-D4E118A47C47}.Debug|Any CPU.ActiveCfg = Debug|Any CPU
		{D69D4FFC-FB29-A1CA-331C-D4E118A47C47}.Debug|Any CPU.Build.0 = Debug|Any CPU
		{D69D4FFC-FB29-A1CA-331C-D4E118A47C47}.Release|Any CPU.ActiveCfg = Release|Any CPU
		{D69D4FFC-FB29-A1CA-331C-D4E118A47C47}.Release|Any CPU.Build.0 = Release|Any CPU
		{8E9B5FFA-2B3C-4D1E-9A7C-1E5F28A6B4D9}.Debug|Any CPU.ActiveCfg = Debug|Any CPU
		{8E9B5FFA-2B3C-4D1E-9A7C-1E5F28A6B4D9}.Debug|Any CPU.Build.0 = Debug|Any CPU
		{8E9B5FFA-2B3C-4D1E-9A7C-1E5F28A6B4D9}.Release|Any CPU.ActiveCfg = Release|Any CPU
		{8E9B5FFA-2B3C-4D1E-9A7C-1E5F28A6B4D9}.Release|Any CPU.Build.0 = Release|Any CPU
	EndGlobalSection
	GlobalSection(SolutionProperties) = preSolution
		HideSolutionNode = FALSE
	EndGlobalSection
	GlobalSection(ExtensibilityGlobals) = postSolution
		SolutionGuid = {C813C055-2093-40DE-BD24-B754931636F3}
	EndGlobalSection
EndGlobal
